{
  "name": "youtube-scrap-to-mail",
  "version": "1.0.0",
  "lockfileVersion": 1,
  "requires": true,
  "dependencies": {
    "centra": {
      "version": "2.6.0",
      "resolved": "https://registry.npmjs.org/centra/-/centra-2.6.0.tgz",
      "integrity": "sha512-dgh+YleemrT8u85QL11Z6tYhegAs3MMxsaWAq/oXeAmYJ7VxL3SI9TZtnfaEvNDMAPolj25FXIb3S+HCI4wQaQ=="
    },
    "dotenv": {
      "version": "16.0.3",
      "resolved": "https://registry.npmjs.org/dotenv/-/dotenv-16.0.3.tgz",
      "integrity": "sha512-7GO6HghkA5fYG9TYnNxi14/7K9f5occMlp3zXAuSxn7CKCxt9xbNWG7yF8hTCSUchlfWSe3uLmlPfigevRItzQ=="
    },
    "es6-promise": {
      "version": "4.2.8",
      "resolved": "https://registry.npmjs.org/es6-promise/-/es6-promise-4.2.8.tgz",
      "integrity": "sha512-HJDGx5daxeIvxdBxvG2cb9g4tEvwIk3i8+nhX0yGrYmZUzbkdg8QbDevheDB8gd0//uPj4c1EQua8Q+MViT0/w=="
    },
    "https": {
      "version": "1.0.0",
      "resolved": "https://registry.npmjs.org/https/-/https-1.0.0.tgz",
      "integrity": "sha512-4EC57ddXrkaF0x83Oj8sM6SLQHAWXw90Skqu2M4AEWENZ3F02dFJE/GARA8igO79tcgYqGrD7ae4f5L3um2lgg=="
    },
    "nodemailer": {
      "version": "6.9.1",
      "resolved": "https://registry.npmjs.org/nodemailer/-/nodemailer-6.9.1.tgz",
      "integrity": "sha512-qHw7dOiU5UKNnQpXktdgQ1d3OFgRAekuvbJLcdG5dnEo/GtcTHRYM7+UfJARdOFU9WUQO8OiIamgWPmiSFHYAA=="
    },
    "phin": {
      "version": "3.7.0",
      "resolved": "https://registry.npmjs.org/phin/-/phin-3.7.0.tgz",
      "integrity": "sha512-DqnVNrpYhKGBZppNKprD+UJylMeEKOZxHgPB+ZP6mGzf3uA2uox4Ep9tUm+rUc8WLIdHT3HcAE4X8fhwQA9JKg==",
      "requires": {
        "centra": "^2.6.0"
      }
    },
    "youtube-metadata-from-url": {
      "version": "1.0.3",
      "resolved": "https://registry.npmjs.org/youtube-metadata-from-url/-/youtube-metadata-from-url-1.0.3.tgz",
      "integrity": "sha512-E3U+EfqwoyIkIY45M8toLSeRMmwncnXrcZpJRbbtHHgudVMGcgsHvv5+QWamKqVnok4NqjPJKbjfrI3vco2dow==",
      "requires": {
        "es6-promise": "^4.2.8",
        "https": "^1.0.0"
      }
    },
    "youtube-transcript": {
      "version": "1.0.4",
      "resolved": "https://registry.npmjs.org/youtube-transcript/-/youtube-transcript-1.0.4.tgz",
      "integrity": "sha512-5XtEVlcPyLYHwDQPAE86b9zi3kKBHXfmLqq8N6t6RJvZV9V0+owm/XMBobQszx97fxHIf7PQtwucCkkCaPmpJQ==",
      "requires": {
        "phin": "^3.5.0"
      }
    }
  }
}
